{
  "name": "waste-book",
  "version": "0.1.0",
  "lockfileVersion": 1,
  "requires": true,
  "dependencies": {
    "yarn": {
      "version": "1.22.17",
      "resolved": "https://registry.npmmirror.com/yarn/download/yarn-1.22.17.tgz?cache=0&sync_timestamp=1634398132152&other_urls=https%3A%2F%2Fregistry.npmmirror.com%2Fyarn%2Fdownload%2Fyarn-1.22.17.tgz",
      "integrity": "sha1-v5EHR9Ikl7VzEx9zQcDh0Vx0A2w="
    }
  }
}
